
Microsoft Visual Studio Solution File, Format Version 12.00
# Visual Studio 15
VisualStudioVersion = 15.0.28307.902
MinimumVisualStudioVersion = 10.0.40219.1
Project("{FAE04EC0-301F-11D3-BF4B-00C04F79EFBC}") = "BasicosCSharp", "BasicosCSharp\BasicosCSharp.csproj", "{47F409D3-A799-4878-8AB6-A21C96FE9D22}"
EndProject
Project("{FAE04EC0-301F-11D3-BF4B-00C04F79EFBC}") = "Test", "Test\Test.csproj", "{77D83F9E-4699-495D-BAF7-299D854562F3}"
EndProject
Global
	GlobalSection(SolutionConfigurationPlatforms) = preSolution
		Debug|Any CPU = Debug|Any CPU
		Release|Any CPU = Release|Any CPU
	EndGlobalSection
	GlobalSection(ProjectConfigurationPlatforms) = postSolution
		{47F409D3-A799-4878-8AB6-A21C96FE9D22}.Debug|Any CPU.ActiveCfg = Debug|Any CPU
		{47F409D3-A799-4878-8AB6-A21C96FE9D22}.Debug|Any CPU.Build.0 = Debug|Any CPU
		{47F409D3-A799-4878-8AB6-A21C96FE9D22}.Release|Any CPU.ActiveCfg = Release|Any CPU
		{47F409D3-A799-4878-8AB6-A21C96FE9D22}.Release|Any CPU.Build.0 = Release|Any CPU
		{77D83F9E-4699-495D-BAF7-299D854562F3}.Debug|Any CPU.ActiveCfg = Debug|Any CPU
		{77D83F9E-4699-495D-BAF7-299D854562F3}.Debug|Any CPU.Build.0 = Debug|Any CPU
		{77D83F9E-4699-495D-BAF7-299D854562F3}.Release|Any CPU.ActiveCfg = Release|Any CPU
		{77D83F9E-4699-495D-BAF7-299D854562F3}.Release|Any CPU.Build.0 = Release|Any CPU
	EndGlobalSection
	GlobalSection(SolutionProperties) = preSolution
		HideSolutionNode = FALSE
	EndGlobalSection
	GlobalSection(ExtensibilityGlobals) = postSolution
		SolutionGuid = {E76300E4-340B-4D27-ADAA-7CF4F8C96773}
	EndGlobalSection
EndGlobal
